
Microsoft Visual Studio Solution File, Format Version 12.00
# Visual Studio 15
VisualStudioVersion = 15.0.28307.489
MinimumVisualStudioVersion = 10.0.40219.1
Project("{FAE04EC0-301F-11D3-BF4B-00C04F79EFBC}") = "Pera", "Pera\Pera.csproj", "{4064028B-652F-4B61-97CC-8281A19BBEE9}"
EndProject
Global
	GlobalSection(SolutionConfigurationPlatforms) = preSolution
		Debug|Any CPU = Debug|Any CPU
		Release|Any CPU = Release|Any CPU
	EndGlobalSection
	GlobalSection(ProjectConfigurationPlatforms) = postSolution
		{4064028B-652F-4B61-97CC-8281A19BBEE9}.Debug|Any CPU.ActiveCfg = Debug|Any CPU
		{4064028B-652F-4B61-97CC-8281A19BBEE9}.Debug|Any CPU.Build.0 = Debug|Any CPU
		{4064028B-652F-4B61-97CC-8281A19BBEE9}.Release|Any CPU.ActiveCfg = Release|Any CPU
		{4064028B-652F-4B61-97CC-8281A19BBEE9}.Release|Any CPU.Build.0 = Release|Any CPU
	EndGlobalSection
	GlobalSection(SolutionProperties) = preSolution
		HideSolutionNode = FALSE
	EndGlobalSection
	GlobalSection(ExtensibilityGlobals) = postSolution
		SolutionGuid = {D78DC79D-D9EB-46F9-826E-D5A1170B911F}
	EndGlobalSection
EndGlobal
